
Microsoft Visual Studio Solution File, Format Version 12.00
# Visual Studio Version 17
VisualStudioVersion = 17.3.32929.385
MinimumVisualStudioVersion = 10.0.40219.1
Project("{9A19103F-16F7-4668-BE54-9A1E7A4F7556}") = "Azure.Durable.Functions", "Azure.Durable.Functions\Azure.Durable.Functions.csproj", "{087780C5-3446-4588-AA16-B7B7B0240C5E}"
EndProject
Project("{FAE04EC0-301F-11D3-BF4B-00C04F79EFBC}") = "Azure.Durable.Functions.Tests", "Azure.Durable.Functions.Tests\Azure.Durable.Functions.Tests.csproj", "{8694232D-334B-4FBF-9973-F55112E0A1FD}"
EndProject
Global
	GlobalSection(SolutionConfigurationPlatforms) = preSolution
		Debug|Any CPU = Debug|Any CPU
		Release|Any CPU = Release|Any CPU
	EndGlobalSection
	GlobalSection(ProjectConfigurationPlatforms) = postSolution
		{087780C5-3446-4588-AA16-B7B7B0240C5E}.Debug|Any CPU.ActiveCfg = Debug|Any CPU
		{087780C5-3446-4588-AA16-B7B7B0240C5E}.Debug|Any CPU.Build.0 = Debug|Any CPU
		{087780C5-3446-4588-AA16-B7B7B0240C5E}.Release|Any CPU.ActiveCfg = Release|Any CPU
		{087780C5-3446-4588-AA16-B7B7B0240C5E}.Release|Any CPU.Build.0 = Release|Any CPU
		{8694232D-334B-4FBF-9973-F55112E0A1FD}.Debug|Any CPU.ActiveCfg = Debug|Any CPU
		{8694232D-334B-4FBF-9973-F55112E0A1FD}.Debug|Any CPU.Build.0 = Debug|Any CPU
		{8694232D-334B-4FBF-9973-F55112E0A1FD}.Release|Any CPU.ActiveCfg = Release|Any CPU
		{8694232D-334B-4FBF-9973-F55112E0A1FD}.Release|Any CPU.Build.0 = Release|Any CPU
	EndGlobalSection
	GlobalSection(SolutionProperties) = preSolution
		HideSolutionNode = FALSE
	EndGlobalSection
	GlobalSection(ExtensibilityGlobals) = postSolution
		SolutionGuid = {84D72354-FBD5-4B1B-A162-AFAB9DA9A689}
	EndGlobalSection
EndGlobal
